
Microsoft Visual Studio Solution File, Format Version 12.00
# Visual Studio 15
VisualStudioVersion = 15.0.26228.4
MinimumVisualStudioVersion = 10.0.40219.1
Project("{FAE04EC0-301F-11D3-BF4B-00C04F79EFBC}") = "FeesManagementSystem", "FeesManagementSystem\FeesManagementSystem.csproj", "{4FF266B8-727B-41F4-AC02-8D330B7FBF85}"
EndProject
Global
	GlobalSection(SolutionConfigurationPlatforms) = preSolution
		Debug|Any CPU = Debug|Any CPU
		Release|Any CPU = Release|Any CPU
	EndGlobalSection
	GlobalSection(ProjectConfigurationPlatforms) = postSolution
		{4FF266B8-727B-41F4-AC02-8D330B7FBF85}.Debug|Any CPU.ActiveCfg = Debug|Any CPU
		{4FF266B8-727B-41F4-AC02-8D330B7FBF85}.Debug|Any CPU.Build.0 = Debug|Any CPU
		{4FF266B8-727B-41F4-AC02-8D330B7FBF85}.Release|Any CPU.ActiveCfg = Release|Any CPU
		{4FF266B8-727B-41F4-AC02-8D330B7FBF85}.Release|Any CPU.Build.0 = Release|Any CPU
	EndGlobalSection
	GlobalSection(SolutionProperties) = preSolution
		HideSolutionNode = FALSE
	EndGlobalSection
EndGlobal
